# This file is automatically @generated by Cargo.
# It is not intended for manual editing.
version = 4

[[package]]
name = "kernel_oss"
version = "0.4.0"
source = "git+https://github.com/attestify/kernel-oss.git?tag=0.4.0#42076eefa6568715fdf6c6f231143909f76918eb"

[[package]]
name = "test_framework_oss"
version = "0.2.5"
dependencies = [
 "kernel_oss",
]
